
Microsoft Visual Studio Solution File, Format Version 12.00
# Visual Studio Version 17
VisualStudioVersion = 17.4.33213.308
MinimumVisualStudioVersion = 10.0.40219.1
Project("{9A19103F-16F7-4668-BE54-9A1E7A4F7556}") = "HolaMundo", "HolaMundo.csproj", "{2578DE51-D77C-40E6-8B1F-DCC4D3AA1E92}"
EndProject
Project("{2150E333-8FDC-42A3-9474-1A3956D46DE8}") = "Solution Items", "Solution Items", "{04520135-3158-4C42-834D-36FE63F9CD73}"
	ProjectSection(SolutionItems) = preProject
		.editorconfig = .editorconfig
	EndProjectSection
EndProject
Global
	GlobalSection(SolutionConfigurationPlatforms) = preSolution
		Debug|Any CPU = Debug|Any CPU
		Release|Any CPU = Release|Any CPU
	EndGlobalSection
	GlobalSection(ProjectConfigurationPlatforms) = postSolution
		{2578DE51-D77C-40E6-8B1F-DCC4D3AA1E92}.Debug|Any CPU.ActiveCfg = Debug|Any CPU
		{2578DE51-D77C-40E6-8B1F-DCC4D3AA1E92}.Debug|Any CPU.Build.0 = Debug|Any CPU
		{2578DE51-D77C-40E6-8B1F-DCC4D3AA1E92}.Release|Any CPU.ActiveCfg = Release|Any CPU
		{2578DE51-D77C-40E6-8B1F-DCC4D3AA1E92}.Release|Any CPU.Build.0 = Release|Any CPU
	EndGlobalSection
	GlobalSection(SolutionProperties) = preSolution
		HideSolutionNode = FALSE
	EndGlobalSection
	GlobalSection(ExtensibilityGlobals) = postSolution
		SolutionGuid = {3A4A9387-AF5B-416E-B636-F064CD5112EC}
	EndGlobalSection
EndGlobal
