
Microsoft Visual Studio Solution File, Format Version 12.00
# Visual Studio Version 17
VisualStudioVersion = 17.4.33213.308
MinimumVisualStudioVersion = 10.0.40219.1
Project("{FAE04EC0-301F-11D3-BF4B-00C04F79EFBC}") = "SaxosAsp", "SaxosAsp.csproj", "{10E9FC1D-70B4-45F7-B61F-C9EDD0244A78}"
EndProject
Global
	GlobalSection(SolutionConfigurationPlatforms) = preSolution
		Debug|Any CPU = Debug|Any CPU
		Release|Any CPU = Release|Any CPU
	EndGlobalSection
	GlobalSection(ProjectConfigurationPlatforms) = postSolution
		{10E9FC1D-70B4-45F7-B61F-C9EDD0244A78}.Debug|Any CPU.ActiveCfg = Debug|Any CPU
		{10E9FC1D-70B4-45F7-B61F-C9EDD0244A78}.Debug|Any CPU.Build.0 = Debug|Any CPU
		{10E9FC1D-70B4-45F7-B61F-C9EDD0244A78}.Release|Any CPU.ActiveCfg = Release|Any CPU
		{10E9FC1D-70B4-45F7-B61F-C9EDD0244A78}.Release|Any CPU.Build.0 = Release|Any CPU
	EndGlobalSection
	GlobalSection(SolutionProperties) = preSolution
		HideSolutionNode = FALSE
	EndGlobalSection
	GlobalSection(ExtensibilityGlobals) = postSolution
		SolutionGuid = {69FB3ED1-7934-42EC-9326-63B5F582AA20}
	EndGlobalSection
EndGlobal
